
Microsoft Visual Studio Solution File, Format Version 12.00
# Visual Studio Version 16
VisualStudioVersion = 16.0.28803.352
MinimumVisualStudioVersion = 10.0.40219.1
Project("{FAE04EC0-301F-11D3-BF4B-00C04F79EFBC}") = "lazylauncher", "lazylauncher\lazylauncher.csproj", "{F1148542-759B-49AD-AA6B-40E03B68DC39}"
EndProject
Project("{FAE04EC0-301F-11D3-BF4B-00C04F79EFBC}") = "lazylauncher-verify", "lazylauncher-verify\lazylauncher-verify.csproj", "{9F5F2A6B-F26C-4D47-BBAA-9409AC6B8E3F}"
EndProject
Global
	GlobalSection(SolutionConfigurationPlatforms) = preSolution
		Debug|Any CPU = Debug|Any CPU
		Release|Any CPU = Release|Any CPU
	EndGlobalSection
	GlobalSection(ProjectConfigurationPlatforms) = postSolution
		{F1148542-759B-49AD-AA6B-40E03B68DC39}.Debug|Any CPU.ActiveCfg = Debug|Any CPU
		{F1148542-759B-49AD-AA6B-40E03B68DC39}.Debug|Any CPU.Build.0 = Debug|Any CPU
		{F1148542-759B-49AD-AA6B-40E03B68DC39}.Release|Any CPU.ActiveCfg = Release|Any CPU
		{F1148542-759B-49AD-AA6B-40E03B68DC39}.Release|Any CPU.Build.0 = Release|Any CPU
		{9F5F2A6B-F26C-4D47-BBAA-9409AC6B8E3F}.Debug|Any CPU.ActiveCfg = Debug|Any CPU
		{9F5F2A6B-F26C-4D47-BBAA-9409AC6B8E3F}.Debug|Any CPU.Build.0 = Debug|Any CPU
		{9F5F2A6B-F26C-4D47-BBAA-9409AC6B8E3F}.Release|Any CPU.ActiveCfg = Release|Any CPU
		{9F5F2A6B-F26C-4D47-BBAA-9409AC6B8E3F}.Release|Any CPU.Build.0 = Release|Any CPU
	EndGlobalSection
	GlobalSection(SolutionProperties) = preSolution
		HideSolutionNode = FALSE
	EndGlobalSection
	GlobalSection(ExtensibilityGlobals) = postSolution
		SolutionGuid = {F33694C8-BE61-4A84-96F2-D779B8CF3CD6}
	EndGlobalSection
EndGlobal
